Microsoft Visual Studio Solution File, Format Version 12.00
# Visual Studio Version 17
VisualStudioVersion = 17.5.2.0
MinimumVisualStudioVersion = 10.0.40219.1
Project("{FAE04EC0-301F-11D3-BF4B-00C04F79EFBC}") = "crmProject", "crmProject\crmProject.csproj", "{8799AFA3-35C9-571C-5EBB-72C8379EB144}"
EndProject
Global
	GlobalSection(SolutionConfigurationPlatforms) = preSolution
		Debug|Any CPU = Debug|Any CPU
		Release|Any CPU = Release|Any CPU
	EndGlobalSection
	GlobalSection(ProjectConfigurationPlatforms) = postSolution
		{8799AFA3-35C9-571C-5EBB-72C8379EB144}.Debug|Any CPU.ActiveCfg = Debug|Any CPU
		{8799AFA3-35C9-571C-5EBB-72C8379EB144}.Debug|Any CPU.Build.0 = Debug|Any CPU
		{8799AFA3-35C9-571C-5EBB-72C8379EB144}.Release|Any CPU.ActiveCfg = Release|Any CPU
		{8799AFA3-35C9-571C-5EBB-72C8379EB144}.Release|Any CPU.Build.0 = Release|Any CPU
	EndGlobalSection
	GlobalSection(SolutionProperties) = preSolution
		HideSolutionNode = FALSE
	EndGlobalSection
	GlobalSection(ExtensibilityGlobals) = postSolution
		SolutionGuid = {E857FA6E-3F97-4834-AA25-0C5AE03C78B6}
	EndGlobalSection
EndGlobal
