Microsoft Visual Studio Solution File, Format Version 12.00
# Visual Studio Version 17
VisualStudioVersion = 17.5.2.0
MinimumVisualStudioVersion = 10.0.40219.1
Project("{FAE04EC0-301F-11D3-BF4B-00C04F79EFBC}") = "MVCARCH", "MVCARCH\MVCARCH.csproj", "{12662B77-597F-7B8E-C7AD-5C6C9C63B8F8}"
EndProject
Global
	GlobalSection(SolutionConfigurationPlatforms) = preSolution
		Debug|Any CPU = Debug|Any CPU
		Release|Any CPU = Release|Any CPU
	EndGlobalSection
	GlobalSection(ProjectConfigurationPlatforms) = postSolution
		{12662B77-597F-7B8E-C7AD-5C6C9C63B8F8}.Debug|Any CPU.ActiveCfg = Debug|Any CPU
		{12662B77-597F-7B8E-C7AD-5C6C9C63B8F8}.Debug|Any CPU.Build.0 = Debug|Any CPU
		{12662B77-597F-7B8E-C7AD-5C6C9C63B8F8}.Release|Any CPU.ActiveCfg = Release|Any CPU
		{12662B77-597F-7B8E-C7AD-5C6C9C63B8F8}.Release|Any CPU.Build.0 = Release|Any CPU
	EndGlobalSection
	GlobalSection(SolutionProperties) = preSolution
		HideSolutionNode = FALSE
	EndGlobalSection
	GlobalSection(ExtensibilityGlobals) = postSolution
		SolutionGuid = {17586F57-7528-4BC9-AFB7-5B460E3B0C45}
	EndGlobalSection
EndGlobal
